
Microsoft Visual Studio Solution File, Format Version 12.00
# Visual Studio Version 17
VisualStudioVersion = 17.7.34003.232
MinimumVisualStudioVersion = 10.0.40219.1
Project("{FAE04EC0-301F-11D3-BF4B-00C04F79EFBC}") = "BlogOnline", "BlogOnline\BlogOnline.csproj", "{7C85B7D3-5CD2-42B1-9EFB-D4C52AC42AEB}"
EndProject
Project("{FAE04EC0-301F-11D3-BF4B-00C04F79EFBC}") = "BlogOnline.BackEnd", "BlogOnline.BackEnd\BlogOnline.BackEnd.csproj", "{A3D2E059-A6AE-45C3-9102-9DCE54E3B845}"
EndProject
Global
	GlobalSection(SolutionConfigurationPlatforms) = preSolution
		Debug|Any CPU = Debug|Any CPU
		Release|Any CPU = Release|Any CPU
	EndGlobalSection
	GlobalSection(ProjectConfigurationPlatforms) = postSolution
		{7C85B7D3-5CD2-42B1-9EFB-D4C52AC42AEB}.Debug|Any CPU.ActiveCfg = Debug|Any CPU
		{7C85B7D3-5CD2-42B1-9EFB-D4C52AC42AEB}.Debug|Any CPU.Build.0 = Debug|Any CPU
		{7C85B7D3-5CD2-42B1-9EFB-D4C52AC42AEB}.Release|Any CPU.ActiveCfg = Release|Any CPU
		{7C85B7D3-5CD2-42B1-9EFB-D4C52AC42AEB}.Release|Any CPU.Build.0 = Release|Any CPU
		{A3D2E059-A6AE-45C3-9102-9DCE54E3B845}.Debug|Any CPU.ActiveCfg = Debug|Any CPU
		{A3D2E059-A6AE-45C3-9102-9DCE54E3B845}.Debug|Any CPU.Build.0 = Debug|Any CPU
		{A3D2E059-A6AE-45C3-9102-9DCE54E3B845}.Release|Any CPU.ActiveCfg = Release|Any CPU
		{A3D2E059-A6AE-45C3-9102-9DCE54E3B845}.Release|Any CPU.Build.0 = Release|Any CPU
	EndGlobalSection
	GlobalSection(SolutionProperties) = preSolution
		HideSolutionNode = FALSE
	EndGlobalSection
	GlobalSection(ExtensibilityGlobals) = postSolution
		SolutionGuid = {A88EDE9B-09A8-4FA9-9464-15D766A6CE22}
	EndGlobalSection
EndGlobal
